
Microsoft Visual Studio Solution File, Format Version 12.00
# Visual Studio 2012
Project("{FAE04EC0-301F-11D3-BF4B-00C04F79EFBC}") = "rm.Extensions", "rm.Extensions\rm.Extensions.csproj", "{CDD966D6-4370-4745-9B0E-F8D7E252620E}"
EndProject
Project("{FAE04EC0-301F-11D3-BF4B-00C04F79EFBC}") = "rm.ExtensionsTest", "rm.ExtensionsTest\rm.ExtensionsTest.csproj", "{3C36D356-3426-4951-88D9-073233CBFDB9}"
EndProject
Project("{2150E333-8FDC-42A3-9474-1A3956D46DE8}") = "Solution Items", "Solution Items", "{51F18744-8BB4-4636-B916-51DA6EBFBD48}"
	ProjectSection(SolutionItems) = preProject
		README.md = README.md
	EndProjectSection
EndProject
Global
	GlobalSection(SolutionConfigurationPlatforms) = preSolution
		Debug|Any CPU = Debug|Any CPU
		Release|Any CPU = Release|Any CPU
	EndGlobalSection
	GlobalSection(ProjectConfigurationPlatforms) = postSolution
		{CDD966D6-4370-4745-9B0E-F8D7E252620E}.Debug|Any CPU.ActiveCfg = Debug|Any CPU
		{CDD966D6-4370-4745-9B0E-F8D7E252620E}.Debug|Any CPU.Build.0 = Debug|Any CPU
		{CDD966D6-4370-4745-9B0E-F8D7E252620E}.Release|Any CPU.ActiveCfg = Release|Any CPU
		{CDD966D6-4370-4745-9B0E-F8D7E252620E}.Release|Any CPU.Build.0 = Release|Any CPU
		{3C36D356-3426-4951-88D9-073233CBFDB9}.Debug|Any CPU.ActiveCfg = Debug|Any CPU
		{3C36D356-3426-4951-88D9-073233CBFDB9}.Debug|Any CPU.Build.0 = Debug|Any CPU
		{3C36D356-3426-4951-88D9-073233CBFDB9}.Release|Any CPU.ActiveCfg = Release|Any CPU
		{3C36D356-3426-4951-88D9-073233CBFDB9}.Release|Any CPU.Build.0 = Release|Any CPU
	EndGlobalSection
	GlobalSection(SolutionProperties) = preSolution
		HideSolutionNode = FALSE
	EndGlobalSection
EndGlobal
